
Microsoft Visual Studio Solution File, Format Version 12.00
# Visual Studio 14
VisualStudioVersion = 14.0.25123.0
MinimumVisualStudioVersion = 10.0.40219.1
Project("{FAE04EC0-301F-11D3-BF4B-00C04F79EFBC}") = "CrossApp", "CrossApp\CrossApp\CrossApp.csproj", "{FF6FB5EB-0DDB-4CE0-8ED2-574246C144E5}"
EndProject
Project("{FAE04EC0-301F-11D3-BF4B-00C04F79EFBC}") = "CrossApp.Droid", "CrossApp\CrossApp.Droid\CrossApp.Droid.csproj", "{1CCC3A3C-AD4D-40F2-A501-FE3F3037DCDB}"
EndProject
Project("{FAE04EC0-301F-11D3-BF4B-00C04F79EFBC}") = "CrossApp.iOS", "CrossApp\CrossApp.iOS\CrossApp.iOS.csproj", "{A64757F1-1F91-495C-AF51-DE119010AC9E}"
EndProject
Project("{FAE04EC0-301F-11D3-BF4B-00C04F79EFBC}") = "CrossApp.UWP", "CrossApp\CrossApp.UWP\CrossApp.UWP.csproj", "{A792B54A-9C36-462F-8494-369EA7CC5488}"
EndProject
Project("{FAE04EC0-301F-11D3-BF4B-00C04F79EFBC}") = "Com.KendoCross.Model", "Com.KendoCross.Model\Com.KendoCross.Model.csproj", "{3F0367FB-F5A4-40D7-8F4A-847C6A39917C}"
EndProject
Project("{FAE04EC0-301F-11D3-BF4B-00C04F79EFBC}") = "Com.KendoCross.ViewModel", "Com.KendoCross.ViewModel\Com.KendoCross.ViewModel.csproj", "{27EAAE2C-5470-4970-AF6C-084EE3755FCC}"
EndProject
Project("{FAE04EC0-301F-11D3-BF4B-00C04F79EFBC}") = "Com.KendoCross.Service", "Com.KendoCross.Service\Com.KendoCross.Service.csproj", "{85137D7D-D631-4752-9138-0F58CC41B18D}"
EndProject
Global
	GlobalSection(SolutionConfigurationPlatforms) = preSolution
		Ad-Hoc|Any CPU = Ad-Hoc|Any CPU
		Ad-Hoc|ARM = Ad-Hoc|ARM
		Ad-Hoc|iPhone = Ad-Hoc|iPhone
		Ad-Hoc|iPhoneSimulator = Ad-Hoc|iPhoneSimulator
		Ad-Hoc|x64 = Ad-Hoc|x64
		Ad-Hoc|x86 = Ad-Hoc|x86
		AppStore|Any CPU = AppStore|Any CPU
		AppStore|ARM = AppStore|ARM
		AppStore|iPhone = AppStore|iPhone
		AppStore|iPhoneSimulator = AppStore|iPhoneSimulator
		AppStore|x64 = AppStore|x64
		AppStore|x86 = AppStore|x86
		Debug|Any CPU = Debug|Any CPU
		Debug|ARM = Debug|ARM
		Debug|iPhone = Debug|iPhone
		Debug|iPhoneSimulator = Debug|iPhoneSimulator
		Debug|x64 = Debug|x64
		Debug|x86 = Debug|x86
		Release|Any CPU = Release|Any CPU
		Release|ARM = Release|ARM
		Release|iPhone = Release|iPhone
		Release|iPhoneSimulator = Release|iPhoneSimulator
		Release|x64 = Release|x64
		Release|x86 = Release|x86
	EndGlobalSection
	GlobalSection(ProjectConfigurationPlatforms) = postSolution
		{FF6FB5EB-0DDB-4CE0-8ED2-574246C144E5}.Ad-Hoc|Any CPU.ActiveCfg = Release|Any CPU
		{FF6FB5EB-0DDB-4CE0-8ED2-574246C144E5}.Ad-Hoc|Any CPU.Build.0 = Release|Any CPU
		{FF6FB5EB-0DDB-4CE0-8ED2-574246C144E5}.Ad-Hoc|ARM.ActiveCfg = Release|Any CPU
		{FF6FB5EB-0DDB-4CE0-8ED2-574246C144E5}.Ad-Hoc|ARM.Build.0 = Release|Any CPU
		{FF6FB5EB-0DDB-4CE0-8ED2-574246C144E5}.Ad-Hoc|iPhone.ActiveCfg = Release|Any CPU
		{FF6FB5EB-0DDB-4CE0-8ED2-574246C144E5}.Ad-Hoc|iPhone.Build.0 = Release|Any CPU
		{FF6FB5EB-0DDB-4CE0-8ED2-574246C144E5}.Ad-Hoc|iPhoneSimulator.ActiveCfg = Release|Any CPU
		{FF6FB5EB-0DDB-4CE0-8ED2-574246C144E5}.Ad-Hoc|iPhoneSimulator.Build.0 = Release|Any CPU
		{FF6FB5EB-0DDB-4CE0-8ED2-574246C144E5}.Ad-Hoc|x64.ActiveCfg = Release|Any CPU
		{FF6FB5EB-0DDB-4CE0-8ED2-574246C144E5}.Ad-Hoc|x64.Build.0 = Release|Any CPU
		{FF6FB5EB-0DDB-4CE0-8ED2-574246C144E5}.Ad-Hoc|x86.ActiveCfg = Release|Any CPU
		{FF6FB5EB-0DDB-4CE0-8ED2-574246C144E5}.Ad-Hoc|x86.Build.0 = Release|Any CPU
		{FF6FB5EB-0DDB-4CE0-8ED2-574246C144E5}.AppStore|Any CPU.ActiveCfg = Release|Any CPU
		{FF6FB5EB-0DDB-4CE0-8ED2-574246C144E5}.AppStore|Any CPU.Build.0 = Release|Any CPU
		{FF6FB5EB-0DDB-4CE0-8ED2-574246C144E5}.AppStore|ARM.ActiveCfg = Release|Any CPU
		{FF6FB5EB-0DDB-4CE0-8ED2-574246C144E5}.AppStore|ARM.Build.0 = Release|Any CPU
		{FF6FB5EB-0DDB-4CE0-8ED2-574246C144E5}.AppStore|iPhone.ActiveCfg = Release|Any CPU
		{FF6FB5EB-0DDB-4CE0-8ED2-574246C144E5}.AppStore|iPhone.Build.0 = Release|Any CPU
		{FF6FB5EB-0DDB-4CE0-8ED2-574246C144E5}.AppStore|iPhoneSimulator.ActiveCfg = Release|Any CPU
		{FF6FB5EB-0DDB-4CE0-8ED2-574246C144E5}.AppStore|iPhoneSimulator.Build.0 = Release|Any CPU
		{FF6FB5EB-0DDB-4CE0-8ED2-574246C144E5}.AppStore|x64.ActiveCfg = Release|Any CPU
		{FF6FB5EB-0DDB-4CE0-8ED2-574246C144E5}.AppStore|x64.Build.0 = Release|Any CPU
		{FF6FB5EB-0DDB-4CE0-8ED2-574246C144E5}.AppStore|x86.ActiveCfg = Release|Any CPU
		{FF6FB5EB-0DDB-4CE0-8ED2-574246C144E5}.AppStore|x86.Build.0 = Release|Any CPU
		{FF6FB5EB-0DDB-4CE0-8ED2-574246C144E5}.Debug|Any CPU.ActiveCfg = Debug|Any CPU
		{FF6FB5EB-0DDB-4CE0-8ED2-574246C144E5}.Debug|Any CPU.Build.0 = Debug|Any CPU
		{FF6FB5EB-0DDB-4CE0-8ED2-574246C144E5}.Debug|ARM.ActiveCfg = Debug|Any CPU
		{FF6FB5EB-0DDB-4CE0-8ED2-574246C144E5}.Debug|ARM.Build.0 = Debug|Any CPU
		{FF6FB5EB-0DDB-4CE0-8ED2-574246C144E5}.Debug|iPhone.ActiveCfg = Debug|Any CPU
		{FF6FB5EB-0DDB-4CE0-8ED2-574246C144E5}.Debug|iPhone.Build.0 = Debug|Any CPU
		{FF6FB5EB-0DDB-4CE0-8ED2-574246C144E5}.Debug|iPhoneSimulator.ActiveCfg = Debug|Any CPU
		{FF6FB5EB-0DDB-4CE0-8ED2-574246C144E5}.Debug|iPhoneSimulator.Build.0 = Debug|Any CPU
		{FF6FB5EB-0DDB-4CE0-8ED2-574246C144E5}.Debug|x64.ActiveCfg = Debug|Any CPU
		{FF6FB5EB-0DDB-4CE0-8ED2-574246C144E5}.Debug|x64.Build.0 = Debug|Any CPU
		{FF6FB5EB-0DDB-4CE0-8ED2-574246C144E5}.Debug|x86.ActiveCfg = Debug|Any CPU
		{FF6FB5EB-0DDB-4CE0-8ED2-574246C144E5}.Debug|x86.Build.0 = Debug|Any CPU
		{FF6FB5EB-0DDB-4CE0-8ED2-574246C144E5}.Release|Any CPU.ActiveCfg = Release|Any CPU
		{FF6FB5EB-0DDB-4CE0-8ED2-574246C144E5}.Release|Any CPU.Build.0 = Release|Any CPU
		{FF6FB5EB-0DDB-4CE0-8ED2-574246C144E5}.Release|ARM.ActiveCfg = Release|Any CPU
		{FF6FB5EB-0DDB-4CE0-8ED2-574246C144E5}.Release|ARM.Build.0 = Release|Any CPU
		{FF6FB5EB-0DDB-4CE0-8ED2-574246C144E5}.Release|iPhone.ActiveCfg = Release|Any CPU
		{FF6FB5EB-0DDB-4CE0-8ED2-574246C144E5}.Release|iPhone.Build.0 = Release|Any CPU
		{FF6FB5EB-0DDB-4CE0-8ED2-574246C144E5}.Release|iPhoneSimulator.ActiveCfg = Release|Any CPU
		{FF6FB5EB-0DDB-4CE0-8ED2-574246C144E5}.Release|iPhoneSimulator.Build.0 = Release|Any CPU
		{FF6FB5EB-0DDB-4CE0-8ED2-574246C144E5}.Release|x64.ActiveCfg = Release|Any CPU
		{FF6FB5EB-0DDB-4CE0-8ED2-574246C144E5}.Release|x64.Build.0 = Release|Any CPU
		{FF6FB5EB-0DDB-4CE0-8ED2-574246C144E5}.Release|x86.ActiveCfg = Release|Any CPU
		{FF6FB5EB-0DDB-4CE0-8ED2-574246C144E5}.Release|x86.Build.0 = Release|Any CPU
		{1CCC3A3C-AD4D-40F2-A501-FE3F3037DCDB}.Ad-Hoc|Any CPU.ActiveCfg = Release|Any CPU
		{1CCC3A3C-AD4D-40F2-A501-FE3F3037DCDB}.Ad-Hoc|Any CPU.Build.0 = Release|Any CPU
		{1CCC3A3C-AD4D-40F2-A501-FE3F3037DCDB}.Ad-Hoc|Any CPU.Deploy.0 = Release|Any CPU
		{1CCC3A3C-AD4D-40F2-A501-FE3F3037DCDB}.Ad-Hoc|ARM.ActiveCfg = Release|Any CPU
		{1CCC3A3C-AD4D-40F2-A501-FE3F3037DCDB}.Ad-Hoc|ARM.Build.0 = Release|Any CPU
		{1CCC3A3C-AD4D-40F2-A501-FE3F3037DCDB}.Ad-Hoc|ARM.Deploy.0 = Release|Any CPU
		{1CCC3A3C-AD4D-40F2-A501-FE3F3037DCDB}.Ad-Hoc|iPhone.ActiveCfg = Release|Any CPU
		{1CCC3A3C-AD4D-40F2-A501-FE3F3037DCDB}.Ad-Hoc|iPhone.Build.0 = Release|Any CPU
		{1CCC3A3C-AD4D-40F2-A501-FE3F3037DCDB}.Ad-Hoc|iPhone.Deploy.0 = Release|Any CPU
		{1CCC3A3C-AD4D-40F2-A501-FE3F3037DCDB}.Ad-Hoc|iPhoneSimulator.ActiveCfg = Release|Any CPU
		{1CCC3A3C-AD4D-40F2-A501-FE3F3037DCDB}.Ad-Hoc|iPhoneSimulator.Build.0 = Release|Any CPU
		{1CCC3A3C-AD4D-40F2-A501-FE3F3037DCDB}.Ad-Hoc|iPhoneSimulator.Deploy.0 = Release|Any CPU
		{1CCC3A3C-AD4D-40F2-A501-FE3F3037DCDB}.Ad-Hoc|x64.ActiveCfg = Release|Any CPU
		{1CCC3A3C-AD4D-40F2-A501-FE3F3037DCDB}.Ad-Hoc|x64.Build.0 = Release|Any CPU
		{1CCC3A3C-AD4D-40F2-A501-FE3F3037DCDB}.Ad-Hoc|x64.Deploy.0 = Release|Any CPU
		{1CCC3A3C-AD4D-40F2-A501-FE3F3037DCDB}.Ad-Hoc|x86.ActiveCfg = Release|Any CPU
		{1CCC3A3C-AD4D-40F2-A501-FE3F3037DCDB}.Ad-Hoc|x86.Build.0 = Release|Any CPU
		{1CCC3A3C-AD4D-40F2-A501-FE3F3037DCDB}.Ad-Hoc|x86.Deploy.0 = Release|Any CPU
		{1CCC3A3C-AD4D-40F2-A501-FE3F3037DCDB}.AppStore|Any CPU.ActiveCfg = Release|Any CPU
		{1CCC3A3C-AD4D-40F2-A501-FE3F3037DCDB}.AppStore|Any CPU.Build.0 = Release|Any CPU
		{1CCC3A3C-AD4D-40F2-A501-FE3F3037DCDB}.AppStore|Any CPU.Deploy.0 = Release|Any CPU
		{1CCC3A3C-AD4D-40F2-A501-FE3F3037DCDB}.AppStore|ARM.ActiveCfg = Release|Any CPU
		{1CCC3A3C-AD4D-40F2-A501-FE3F3037DCDB}.AppStore|ARM.Build.0 = Release|Any CPU
		{1CCC3A3C-AD4D-40F2-A501-FE3F3037DCDB}.AppStore|ARM.Deploy.0 = Release|Any CPU
		{1CCC3A3C-AD4D-40F2-A501-FE3F3037DCDB}.AppStore|iPhone.ActiveCfg = Release|Any CPU
		{1CCC3A3C-AD4D-40F2-A501-FE3F3037DCDB}.AppStore|iPhone.Build.0 = Release|Any CPU
		{1CCC3A3C-AD4D-40F2-A501-FE3F3037DCDB}.AppStore|iPhone.Deploy.0 = Release|Any CPU
		{1CCC3A3C-AD4D-40F2-A501-FE3F3037DCDB}.AppStore|iPhoneSimulator.ActiveCfg = Release|Any CPU
		{1CCC3A3C-AD4D-40F2-A501-FE3F3037DCDB}.AppStore|iPhoneSimulator.Build.0 = Release|Any CPU
		{1CCC3A3C-AD4D-40F2-A501-FE3F3037DCDB}.AppStore|iPhoneSimulator.Deploy.0 = Release|Any CPU
		{1CCC3A3C-AD4D-40F2-A501-FE3F3037DCDB}.AppStore|x64.ActiveCfg = Release|Any CPU
		{1CCC3A3C-AD4D-40F2-A501-FE3F3037DCDB}.AppStore|x64.Build.0 = Release|Any CPU
		{1CCC3A3C-AD4D-40F2-A501-FE3F3037DCDB}.AppStore|x64.Deploy.0 = Release|Any CPU
		{1CCC3A3C-AD4D-40F2-A501-FE3F3037DCDB}.AppStore|x86.ActiveCfg = Release|Any CPU
		{1CCC3A3C-AD4D-40F2-A501-FE3F3037DCDB}.AppStore|x86.Build.0 = Release|Any CPU
		{1CCC3A3C-AD4D-40F2-A501-FE3F3037DCDB}.AppStore|x86.Deploy.0 = Release|Any CPU
		{1CCC3A3C-AD4D-40F2-A501-FE3F3037DCDB}.Debug|Any CPU.ActiveCfg = Debug|Any CPU
		{1CCC3A3C-AD4D-40F2-A501-FE3F3037DCDB}.Debug|Any CPU.Build.0 = Debug|Any CPU
		{1CCC3A3C-AD4D-40F2-A501-FE3F3037DCDB}.Debug|Any CPU.Deploy.0 = Debug|Any CPU
		{1CCC3A3C-AD4D-40F2-A501-FE3F3037DCDB}.Debug|ARM.ActiveCfg = Debug|Any CPU
		{1CCC3A3C-AD4D-40F2-A501-FE3F3037DCDB}.Debug|ARM.Build.0 = Debug|Any CPU
		{1CCC3A3C-AD4D-40F2-A501-FE3F3037DCDB}.Debug|ARM.Deploy.0 = Debug|Any CPU
		{1CCC3A3C-AD4D-40F2-A501-FE3F3037DCDB}.Debug|iPhone.ActiveCfg = Debug|Any CPU
		{1CCC3A3C-AD4D-40F2-A501-FE3F3037DCDB}.Debug|iPhone.Build.0 = Debug|Any CPU
		{1CCC3A3C-AD4D-40F2-A501-FE3F3037DCDB}.Debug|iPhone.Deploy.0 = Debug|Any CPU
		{1CCC3A3C-AD4D-40F2-A501-FE3F3037DCDB}.Debug|iPhoneSimulator.ActiveCfg = Debug|Any CPU
		{1CCC3A3C-AD4D-40F2-A501-FE3F3037DCDB}.Debug|iPhoneSimulator.Build.0 = Debug|Any CPU
		{1CCC3A3C-AD4D-40F2-A501-FE3F3037DCDB}.Debug|iPhoneSimulator.Deploy.0 = Debug|Any CPU
		{1CCC3A3C-AD4D-40F2-A501-FE3F3037DCDB}.Debug|x64.ActiveCfg = Debug|Any CPU
		{1CCC3A3C-AD4D-40F2-A501-FE3F3037DCDB}.Debug|x64.Build.0 = Debug|Any CPU
		{1CCC3A3C-AD4D-40F2-A501-FE3F3037DCDB}.Debug|x64.Deploy.0 = Debug|Any CPU
		{1CCC3A3C-AD4D-40F2-A501-FE3F3037DCDB}.Debug|x86.ActiveCfg = Debug|Any CPU
		{1CCC3A3C-AD4D-40F2-A501-FE3F3037DCDB}.Debug|x86.Build.0 = Debug|Any CPU
		{1CCC3A3C-AD4D-40F2-A501-FE3F3037DCDB}.Debug|x86.Deploy.0 = Debug|Any CPU
		{1CCC3A3C-AD4D-40F2-A501-FE3F3037DCDB}.Release|Any CPU.ActiveCfg = Release|Any CPU
		{1CCC3A3C-AD4D-40F2-A501-FE3F3037DCDB}.Release|Any CPU.Build.0 = Release|Any CPU
		{1CCC3A3C-AD4D-40F2-A501-FE3F3037DCDB}.Release|Any CPU.Deploy.0 = Release|Any CPU
		{1CCC3A3C-AD4D-40F2-A501-FE3F3037DCDB}.Release|ARM.ActiveCfg = Release|Any CPU
		{1CCC3A3C-AD4D-40F2-A501-FE3F3037DCDB}.Release|ARM.Build.0 = Release|Any CPU
		{1CCC3A3C-AD4D-40F2-A501-FE3F3037DCDB}.Release|ARM.Deploy.0 = Release|Any CPU
		{1CCC3A3C-AD4D-40F2-A501-FE3F3037DCDB}.Release|iPhone.ActiveCfg = Release|Any CPU
		{1CCC3A3C-AD4D-40F2-A501-FE3F3037DCDB}.Release|iPhone.Build.0 = Release|Any CPU
		{1CCC3A3C-AD4D-40F2-A501-FE3F3037DCDB}.Release|iPhone.Deploy.0 = Release|Any CPU
		{1CCC3A3C-AD4D-40F2-A501-FE3F3037DCDB}.Release|iPhoneSimulator.ActiveCfg = Release|Any CPU
		{1CCC3A3C-AD4D-40F2-A501-FE3F3037DCDB}.Release|iPhoneSimulator.Build.0 = Release|Any CPU
		{1CCC3A3C-AD4D-40F2-A501-FE3F3037DCDB}.Release|iPhoneSimulator.Deploy.0 = Release|Any CPU
		{1CCC3A3C-AD4D-40F2-A501-FE3F3037DCDB}.Release|x64.ActiveCfg = Release|Any CPU
		{1CCC3A3C-AD4D-40F2-A501-FE3F3037DCDB}.Release|x64.Build.0 = Release|Any CPU
		{1CCC3A3C-AD4D-40F2-A501-FE3F3037DCDB}.Release|x64.Deploy.0 = Release|Any CPU
		{1CCC3A3C-AD4D-40F2-A501-FE3F3037DCDB}.Release|x86.ActiveCfg = Release|Any CPU
		{1CCC3A3C-AD4D-40F2-A501-FE3F3037DCDB}.Release|x86.Build.0 = Release|Any CPU
		{1CCC3A3C-AD4D-40F2-A501-FE3F3037DCDB}.Release|x86.Deploy.0 = Release|Any CPU
		{A64757F1-1F91-495C-AF51-DE119010AC9E}.Ad-Hoc|Any CPU.ActiveCfg = Ad-Hoc|iPhone
		{A64757F1-1F91-495C-AF51-DE119010AC9E}.Ad-Hoc|ARM.ActiveCfg = Ad-Hoc|iPhone
		{A64757F1-1F91-495C-AF51-DE119010AC9E}.Ad-Hoc|iPhone.ActiveCfg = Ad-Hoc|iPhone
		{A64757F1-1F91-495C-AF51-DE119010AC9E}.Ad-Hoc|iPhone.Build.0 = Ad-Hoc|iPhone
		{A64757F1-1F91-495C-AF51-DE119010AC9E}.Ad-Hoc|iPhoneSimulator.ActiveCfg = Ad-Hoc|iPhoneSimulator
		{A64757F1-1F91-495C-AF51-DE119010AC9E}.Ad-Hoc|iPhoneSimulator.Build.0 = Ad-Hoc|iPhoneSimulator
		{A64757F1-1F91-495C-AF51-DE119010AC9E}.Ad-Hoc|x64.ActiveCfg = Ad-Hoc|iPhone
		{A64757F1-1F91-495C-AF51-DE119010AC9E}.Ad-Hoc|x86.ActiveCfg = Ad-Hoc|iPhone
		{A64757F1-1F91-495C-AF51-DE119010AC9E}.AppStore|Any CPU.ActiveCfg = AppStore|iPhone
		{A64757F1-1F91-495C-AF51-DE119010AC9E}.AppStore|ARM.ActiveCfg = AppStore|iPhone
		{A64757F1-1F91-495C-AF51-DE119010AC9E}.AppStore|iPhone.ActiveCfg = AppStore|iPhone
		{A64757F1-1F91-495C-AF51-DE119010AC9E}.AppStore|iPhone.Build.0 = AppStore|iPhone
		{A64757F1-1F91-495C-AF51-DE119010AC9E}.AppStore|iPhoneSimulator.ActiveCfg = AppStore|iPhoneSimulator
		{A64757F1-1F91-495C-AF51-DE119010AC9E}.AppStore|iPhoneSimulator.Build.0 = AppStore|iPhoneSimulator
		{A64757F1-1F91-495C-AF51-DE119010AC9E}.AppStore|x64.ActiveCfg = AppStore|iPhone
		{A64757F1-1F91-495C-AF51-DE119010AC9E}.AppStore|x86.ActiveCfg = AppStore|iPhone
		{A64757F1-1F91-495C-AF51-DE119010AC9E}.Debug|Any CPU.ActiveCfg = Debug|iPhone
		{A64757F1-1F91-495C-AF51-DE119010AC9E}.Debug|ARM.ActiveCfg = Debug|iPhone
		{A64757F1-1F91-495C-AF51-DE119010AC9E}.Debug|iPhone.ActiveCfg = Debug|iPhone
		{A64757F1-1F91-495C-AF51-DE119010AC9E}.Debug|iPhone.Build.0 = Debug|iPhone
		{A64757F1-1F91-495C-AF51-DE119010AC9E}.Debug|iPhoneSimulator.ActiveCfg = Debug|iPhoneSimulator
		{A64757F1-1F91-495C-AF51-DE119010AC9E}.Debug|iPhoneSimulator.Build.0 = Debug|iPhoneSimulator
		{A64757F1-1F91-495C-AF51-DE119010AC9E}.Debug|x64.ActiveCfg = Debug|iPhone
		{A64757F1-1F91-495C-AF51-DE119010AC9E}.Debug|x86.ActiveCfg = Debug|iPhone
		{A64757F1-1F91-495C-AF51-DE119010AC9E}.Release|Any CPU.ActiveCfg = Release|iPhone
		{A64757F1-1F91-495C-AF51-DE119010AC9E}.Release|ARM.ActiveCfg = Release|iPhone
		{A64757F1-1F91-495C-AF51-DE119010AC9E}.Release|iPhone.ActiveCfg = Release|iPhone
		{A64757F1-1F91-495C-AF51-DE119010AC9E}.Release|iPhone.Build.0 = Release|iPhone
		{A64757F1-1F91-495C-AF51-DE119010AC9E}.Release|iPhoneSimulator.ActiveCfg = Release|iPhoneSimulator
		{A64757F1-1F91-495C-AF51-DE119010AC9E}.Release|iPhoneSimulator.Build.0 = Release|iPhoneSimulator
		{A64757F1-1F91-495C-AF51-DE119010AC9E}.Release|x64.ActiveCfg = Release|iPhone
		{A64757F1-1F91-495C-AF51-DE119010AC9E}.Release|x86.ActiveCfg = Release|iPhone
		{A792B54A-9C36-462F-8494-369EA7CC5488}.Ad-Hoc|Any CPU.ActiveCfg = Release|x86
		{A792B54A-9C36-462F-8494-369EA7CC5488}.Ad-Hoc|Any CPU.Build.0 = Release|x86
		{A792B54A-9C36-462F-8494-369EA7CC5488}.Ad-Hoc|Any CPU.Deploy.0 = Release|x86
		{A792B54A-9C36-462F-8494-369EA7CC5488}.Ad-Hoc|ARM.ActiveCfg = Release|ARM
		{A792B54A-9C36-462F-8494-369EA7CC5488}.Ad-Hoc|ARM.Build.0 = Release|ARM
		{A792B54A-9C36-462F-8494-369EA7CC5488}.Ad-Hoc|ARM.Deploy.0 = Release|ARM
		{A792B54A-9C36-462F-8494-369EA7CC5488}.Ad-Hoc|iPhone.ActiveCfg = Release|x86
		{A792B54A-9C36-462F-8494-369EA7CC5488}.Ad-Hoc|iPhone.Build.0 = Release|x86
		{A792B54A-9C36-462F-8494-369EA7CC5488}.Ad-Hoc|iPhone.Deploy.0 = Release|x86
		{A792B54A-9C36-462F-8494-369EA7CC5488}.Ad-Hoc|iPhoneSimulator.ActiveCfg = Release|x86
		{A792B54A-9C36-462F-8494-369EA7CC5488}.Ad-Hoc|iPhoneSimulator.Build.0 = Release|x86
		{A792B54A-9C36-462F-8494-369EA7CC5488}.Ad-Hoc|iPhoneSimulator.Deploy.0 = Release|x86
		{A792B54A-9C36-462F-8494-369EA7CC5488}.Ad-Hoc|x64.ActiveCfg = Release|x64
		{A792B54A-9C36-462F-8494-369EA7CC5488}.Ad-Hoc|x64.Build.0 = Release|x64
		{A792B54A-9C36-462F-8494-369EA7CC5488}.Ad-Hoc|x64.Deploy.0 = Release|x64
		{A792B54A-9C36-462F-8494-369EA7CC5488}.Ad-Hoc|x86.ActiveCfg = Release|x86
		{A792B54A-9C36-462F-8494-369EA7CC5488}.Ad-Hoc|x86.Build.0 = Release|x86
		{A792B54A-9C36-462F-8494-369EA7CC5488}.Ad-Hoc|x86.Deploy.0 = Release|x86
		{A792B54A-9C36-462F-8494-369EA7CC5488}.AppStore|Any CPU.ActiveCfg = Release|x86
		{A792B54A-9C36-462F-8494-369EA7CC5488}.AppStore|Any CPU.Build.0 = Release|x86
		{A792B54A-9C36-462F-8494-369EA7CC5488}.AppStore|Any CPU.Deploy.0 = Release|x86
		{A792B54A-9C36-462F-8494-369EA7CC5488}.AppStore|ARM.ActiveCfg = Release|ARM
		{A792B54A-9C36-462F-8494-369EA7CC5488}.AppStore|ARM.Build.0 = Release|ARM
		{A792B54A-9C36-462F-8494-369EA7CC5488}.AppStore|ARM.Deploy.0 = Release|ARM
		{A792B54A-9C36-462F-8494-369EA7CC5488}.AppStore|iPhone.ActiveCfg = Release|x86
		{A792B54A-9C36-462F-8494-369EA7CC5488}.AppStore|iPhone.Build.0 = Release|x86
		{A792B54A-9C36-462F-8494-369EA7CC5488}.AppStore|iPhone.Deploy.0 = Release|x86
		{A792B54A-9C36-462F-8494-369EA7CC5488}.AppStore|iPhoneSimulator.ActiveCfg = Release|x86
		{A792B54A-9C36-462F-8494-369EA7CC5488}.AppStore|iPhoneSimulator.Build.0 = Release|x86
		{A792B54A-9C36-462F-8494-369EA7CC5488}.AppStore|iPhoneSimulator.Deploy.0 = Release|x86
		{A792B54A-9C36-462F-8494-369EA7CC5488}.AppStore|x64.ActiveCfg = Release|x64
		{A792B54A-9C36-462F-8494-369EA7CC5488}.AppStore|x64.Build.0 = Release|x64
		{A792B54A-9C36-462F-8494-369EA7CC5488}.AppStore|x64.Deploy.0 = Release|x64
		{A792B54A-9C36-462F-8494-369EA7CC5488}.AppStore|x86.ActiveCfg = Release|x86
		{A792B54A-9C36-462F-8494-369EA7CC5488}.AppStore|x86.Build.0 = Release|x86
		{A792B54A-9C36-462F-8494-369EA7CC5488}.AppStore|x86.Deploy.0 = Release|x86
		{A792B54A-9C36-462F-8494-369EA7CC5488}.Debug|Any CPU.ActiveCfg = Debug|x86
		{A792B54A-9C36-462F-8494-369EA7CC5488}.Debug|ARM.ActiveCfg = Debug|ARM
		{A792B54A-9C36-462F-8494-369EA7CC5488}.Debug|ARM.Build.0 = Debug|ARM
		{A792B54A-9C36-462F-8494-369EA7CC5488}.Debug|ARM.Deploy.0 = Debug|ARM
		{A792B54A-9C36-462F-8494-369EA7CC5488}.Debug|iPhone.ActiveCfg = Debug|x86
		{A792B54A-9C36-462F-8494-369EA7CC5488}.Debug|iPhoneSimulator.ActiveCfg = Debug|x86
		{A792B54A-9C36-462F-8494-369EA7CC5488}.Debug|x64.ActiveCfg = Debug|x64
		{A792B54A-9C36-462F-8494-369EA7CC5488}.Debug|x64.Build.0 = Debug|x64
		{A792B54A-9C36-462F-8494-369EA7CC5488}.Debug|x64.Deploy.0 = Debug|x64
		{A792B54A-9C36-462F-8494-369EA7CC5488}.Debug|x86.ActiveCfg = Debug|x86
		{A792B54A-9C36-462F-8494-369EA7CC5488}.Debug|x86.Build.0 = Debug|x86
		{A792B54A-9C36-462F-8494-369EA7CC5488}.Debug|x86.Deploy.0 = Debug|x86
		{A792B54A-9C36-462F-8494-369EA7CC5488}.Release|Any CPU.ActiveCfg = Release|x86
		{A792B54A-9C36-462F-8494-369EA7CC5488}.Release|ARM.ActiveCfg = Release|ARM
		{A792B54A-9C36-462F-8494-369EA7CC5488}.Release|ARM.Build.0 = Release|ARM
		{A792B54A-9C36-462F-8494-369EA7CC5488}.Release|ARM.Deploy.0 = Release|ARM
		{A792B54A-9C36-462F-8494-369EA7CC5488}.Release|iPhone.ActiveCfg = Release|x86
		{A792B54A-9C36-462F-8494-369EA7CC5488}.Release|iPhoneSimulator.ActiveCfg = Release|x86
		{A792B54A-9C36-462F-8494-369EA7CC5488}.Release|x64.ActiveCfg = Release|x64
		{A792B54A-9C36-462F-8494-369EA7CC5488}.Release|x64.Build.0 = Release|x64
		{A792B54A-9C36-462F-8494-369EA7CC5488}.Release|x64.Deploy.0 = Release|x64
		{A792B54A-9C36-462F-8494-369EA7CC5488}.Release|x86.ActiveCfg = Release|x86
		{A792B54A-9C36-462F-8494-369EA7CC5488}.Release|x86.Build.0 = Release|x86
		{A792B54A-9C36-462F-8494-369EA7CC5488}.Release|x86.Deploy.0 = Release|x86
		{3F0367FB-F5A4-40D7-8F4A-847C6A39917C}.Ad-Hoc|Any CPU.ActiveCfg = Release|Any CPU
		{3F0367FB-F5A4-40D7-8F4A-847C6A39917C}.Ad-Hoc|Any CPU.Build.0 = Release|Any CPU
		{3F0367FB-F5A4-40D7-8F4A-847C6A39917C}.Ad-Hoc|ARM.ActiveCfg = Release|Any CPU
		{3F0367FB-F5A4-40D7-8F4A-847C6A39917C}.Ad-Hoc|ARM.Build.0 = Release|Any CPU
		{3F0367FB-F5A4-40D7-8F4A-847C6A39917C}.Ad-Hoc|iPhone.ActiveCfg = Release|Any CPU
		{3F0367FB-F5A4-40D7-8F4A-847C6A39917C}.Ad-Hoc|iPhone.Build.0 = Release|Any CPU
		{3F0367FB-F5A4-40D7-8F4A-847C6A39917C}.Ad-Hoc|iPhoneSimulator.ActiveCfg = Release|Any CPU
		{3F0367FB-F5A4-40D7-8F4A-847C6A39917C}.Ad-Hoc|iPhoneSimulator.Build.0 = Release|Any CPU
		{3F0367FB-F5A4-40D7-8F4A-847C6A39917C}.Ad-Hoc|x64.ActiveCfg = Release|Any CPU
		{3F0367FB-F5A4-40D7-8F4A-847C6A39917C}.Ad-Hoc|x64.Build.0 = Release|Any CPU
		{3F0367FB-F5A4-40D7-8F4A-847C6A39917C}.Ad-Hoc|x86.ActiveCfg = Release|Any CPU
		{3F0367FB-F5A4-40D7-8F4A-847C6A39917C}.Ad-Hoc|x86.Build.0 = Release|Any CPU
		{3F0367FB-F5A4-40D7-8F4A-847C6A39917C}.AppStore|Any CPU.ActiveCfg = Release|Any CPU
		{3F0367FB-F5A4-40D7-8F4A-847C6A39917C}.AppStore|Any CPU.Build.0 = Release|Any CPU
		{3F0367FB-F5A4-40D7-8F4A-847C6A39917C}.AppStore|ARM.ActiveCfg = Release|Any CPU
		{3F0367FB-F5A4-40D7-8F4A-847C6A39917C}.AppStore|ARM.Build.0 = Release|Any CPU
		{3F0367FB-F5A4-40D7-8F4A-847C6A39917C}.AppStore|iPhone.ActiveCfg = Release|Any CPU
		{3F0367FB-F5A4-40D7-8F4A-847C6A39917C}.AppStore|iPhone.Build.0 = Release|Any CPU
		{3F0367FB-F5A4-40D7-8F4A-847C6A39917C}.AppStore|iPhoneSimulator.ActiveCfg = Release|Any CPU
		{3F0367FB-F5A4-40D7-8F4A-847C6A39917C}.AppStore|iPhoneSimulator.Build.0 = Release|Any CPU
		{3F0367FB-F5A4-40D7-8F4A-847C6A39917C}.AppStore|x64.ActiveCfg = Release|Any CPU
		{3F0367FB-F5A4-40D7-8F4A-847C6A39917C}.AppStore|x64.Build.0 = Release|Any CPU
		{3F0367FB-F5A4-40D7-8F4A-847C6A39917C}.AppStore|x86.ActiveCfg = Release|Any CPU
		{3F0367FB-F5A4-40D7-8F4A-847C6A39917C}.AppStore|x86.Build.0 = Release|Any CPU
		{3F0367FB-F5A4-40D7-8F4A-847C6A39917C}.Debug|Any CPU.ActiveCfg = Debug|Any CPU
		{3F0367FB-F5A4-40D7-8F4A-847C6A39917C}.Debug|Any CPU.Build.0 = Debug|Any CPU
		{3F0367FB-F5A4-40D7-8F4A-847C6A39917C}.Debug|ARM.ActiveCfg = Debug|Any CPU
		{3F0367FB-F5A4-40D7-8F4A-847C6A39917C}.Debug|ARM.Build.0 = Debug|Any CPU
		{3F0367FB-F5A4-40D7-8F4A-847C6A39917C}.Debug|iPhone.ActiveCfg = Debug|Any CPU
		{3F0367FB-F5A4-40D7-8F4A-847C6A39917C}.Debug|iPhone.Build.0 = Debug|Any CPU
		{3F0367FB-F5A4-40D7-8F4A-847C6A39917C}.Debug|iPhoneSimulator.ActiveCfg = Debug|Any CPU
		{3F0367FB-F5A4-40D7-8F4A-847C6A39917C}.Debug|iPhoneSimulator.Build.0 = Debug|Any CPU
		{3F0367FB-F5A4-40D7-8F4A-847C6A39917C}.Debug|x64.ActiveCfg = Debug|Any CPU
		{3F0367FB-F5A4-40D7-8F4A-847C6A39917C}.Debug|x64.Build.0 = Debug|Any CPU
		{3F0367FB-F5A4-40D7-8F4A-847C6A39917C}.Debug|x86.ActiveCfg = Debug|Any CPU
		{3F0367FB-F5A4-40D7-8F4A-847C6A39917C}.Debug|x86.Build.0 = Debug|Any CPU
		{3F0367FB-F5A4-40D7-8F4A-847C6A39917C}.Release|Any CPU.ActiveCfg = Release|Any CPU
		{3F0367FB-F5A4-40D7-8F4A-847C6A39917C}.Release|Any CPU.Build.0 = Release|Any CPU
		{3F0367FB-F5A4-40D7-8F4A-847C6A39917C}.Release|ARM.ActiveCfg = Release|Any CPU
		{3F0367FB-F5A4-40D7-8F4A-847C6A39917C}.Release|ARM.Build.0 = Release|Any CPU
		{3F0367FB-F5A4-40D7-8F4A-847C6A39917C}.Release|iPhone.ActiveCfg = Release|Any CPU
		{3F0367FB-F5A4-40D7-8F4A-847C6A39917C}.Release|iPhone.Build.0 = Release|Any CPU
		{3F0367FB-F5A4-40D7-8F4A-847C6A39917C}.Release|iPhoneSimulator.ActiveCfg = Release|Any CPU
		{3F0367FB-F5A4-40D7-8F4A-847C6A39917C}.Release|iPhoneSimulator.Build.0 = Release|Any CPU
		{3F0367FB-F5A4-40D7-8F4A-847C6A39917C}.Release|x64.ActiveCfg = Release|Any CPU
		{3F0367FB-F5A4-40D7-8F4A-847C6A39917C}.Release|x64.Build.0 = Release|Any CPU
		{3F0367FB-F5A4-40D7-8F4A-847C6A39917C}.Release|x86.ActiveCfg = Release|Any CPU
		{3F0367FB-F5A4-40D7-8F4A-847C6A39917C}.Release|x86.Build.0 = Release|Any CPU
		{27EAAE2C-5470-4970-AF6C-084EE3755FCC}.Ad-Hoc|Any CPU.ActiveCfg = Release|Any CPU
		{27EAAE2C-5470-4970-AF6C-084EE3755FCC}.Ad-Hoc|Any CPU.Build.0 = Release|Any CPU
		{27EAAE2C-5470-4970-AF6C-084EE3755FCC}.Ad-Hoc|ARM.ActiveCfg = Release|Any CPU
		{27EAAE2C-5470-4970-AF6C-084EE3755FCC}.Ad-Hoc|ARM.Build.0 = Release|Any CPU
		{27EAAE2C-5470-4970-AF6C-084EE3755FCC}.Ad-Hoc|iPhone.ActiveCfg = Release|Any CPU
		{27EAAE2C-5470-4970-AF6C-084EE3755FCC}.Ad-Hoc|iPhone.Build.0 = Release|Any CPU
		{27EAAE2C-5470-4970-AF6C-084EE3755FCC}.Ad-Hoc|iPhoneSimulator.ActiveCfg = Release|Any CPU
		{27EAAE2C-5470-4970-AF6C-084EE3755FCC}.Ad-Hoc|iPhoneSimulator.Build.0 = Release|Any CPU
		{27EAAE2C-5470-4970-AF6C-084EE3755FCC}.Ad-Hoc|x64.ActiveCfg = Release|Any CPU
		{27EAAE2C-5470-4970-AF6C-084EE3755FCC}.Ad-Hoc|x64.Build.0 = Release|Any CPU
		{27EAAE2C-5470-4970-AF6C-084EE3755FCC}.Ad-Hoc|x86.ActiveCfg = Release|Any CPU
		{27EAAE2C-5470-4970-AF6C-084EE3755FCC}.Ad-Hoc|x86.Build.0 = Release|Any CPU
		{27EAAE2C-5470-4970-AF6C-084EE3755FCC}.AppStore|Any CPU.ActiveCfg = Release|Any CPU
		{27EAAE2C-5470-4970-AF6C-084EE3755FCC}.AppStore|Any CPU.Build.0 = Release|Any CPU
		{27EAAE2C-5470-4970-AF6C-084EE3755FCC}.AppStore|ARM.ActiveCfg = Release|Any CPU
		{27EAAE2C-5470-4970-AF6C-084EE3755FCC}.AppStore|ARM.Build.0 = Release|Any CPU
		{27EAAE2C-5470-4970-AF6C-084EE3755FCC}.AppStore|iPhone.ActiveCfg = Release|Any CPU
		{27EAAE2C-5470-4970-AF6C-084EE3755FCC}.AppStore|iPhone.Build.0 = Release|Any CPU
		{27EAAE2C-5470-4970-AF6C-084EE3755FCC}.AppStore|iPhoneSimulator.ActiveCfg = Release|Any CPU
		{27EAAE2C-5470-4970-AF6C-084EE3755FCC}.AppStore|iPhoneSimulator.Build.0 = Release|Any CPU
		{27EAAE2C-5470-4970-AF6C-084EE3755FCC}.AppStore|x64.ActiveCfg = Release|Any CPU
		{27EAAE2C-5470-4970-AF6C-084EE3755FCC}.AppStore|x64.Build.0 = Release|Any CPU
		{27EAAE2C-5470-4970-AF6C-084EE3755FCC}.AppStore|x86.ActiveCfg = Release|Any CPU
		{27EAAE2C-5470-4970-AF6C-084EE3755FCC}.AppStore|x86.Build.0 = Release|Any CPU
		{27EAAE2C-5470-4970-AF6C-084EE3755FCC}.Debug|Any CPU.ActiveCfg = Debug|Any CPU
		{27EAAE2C-5470-4970-AF6C-084EE3755FCC}.Debug|Any CPU.Build.0 = Debug|Any CPU
		{27EAAE2C-5470-4970-AF6C-084EE3755FCC}.Debug|ARM.ActiveCfg = Debug|Any CPU
		{27EAAE2C-5470-4970-AF6C-084EE3755FCC}.Debug|ARM.Build.0 = Debug|Any CPU
		{27EAAE2C-5470-4970-AF6C-084EE3755FCC}.Debug|iPhone.ActiveCfg = Debug|Any CPU
		{27EAAE2C-5470-4970-AF6C-084EE3755FCC}.Debug|iPhone.Build.0 = Debug|Any CPU
		{27EAAE2C-5470-4970-AF6C-084EE3755FCC}.Debug|iPhoneSimulator.ActiveCfg = Debug|Any CPU
		{27EAAE2C-5470-4970-AF6C-084EE3755FCC}.Debug|iPhoneSimulator.Build.0 = Debug|Any CPU
		{27EAAE2C-5470-4970-AF6C-084EE3755FCC}.Debug|x64.ActiveCfg = Debug|Any CPU
		{27EAAE2C-5470-4970-AF6C-084EE3755FCC}.Debug|x64.Build.0 = Debug|Any CPU
		{27EAAE2C-5470-4970-AF6C-084EE3755FCC}.Debug|x86.ActiveCfg = Debug|Any CPU
		{27EAAE2C-5470-4970-AF6C-084EE3755FCC}.Debug|x86.Build.0 = Debug|Any CPU
		{27EAAE2C-5470-4970-AF6C-084EE3755FCC}.Release|Any CPU.ActiveCfg = Release|Any CPU
		{27EAAE2C-5470-4970-AF6C-084EE3755FCC}.Release|Any CPU.Build.0 = Release|Any CPU
		{27EAAE2C-5470-4970-AF6C-084EE3755FCC}.Release|ARM.ActiveCfg = Release|Any CPU
		{27EAAE2C-5470-4970-AF6C-084EE3755FCC}.Release|ARM.Build.0 = Release|Any CPU
		{27EAAE2C-5470-4970-AF6C-084EE3755FCC}.Release|iPhone.ActiveCfg = Release|Any CPU
		{27EAAE2C-5470-4970-AF6C-084EE3755FCC}.Release|iPhone.Build.0 = Release|Any CPU
		{27EAAE2C-5470-4970-AF6C-084EE3755FCC}.Release|iPhoneSimulator.ActiveCfg = Release|Any CPU
		{27EAAE2C-5470-4970-AF6C-084EE3755FCC}.Release|iPhoneSimulator.Build.0 = Release|Any CPU
		{27EAAE2C-5470-4970-AF6C-084EE3755FCC}.Release|x64.ActiveCfg = Release|Any CPU
		{27EAAE2C-5470-4970-AF6C-084EE3755FCC}.Release|x64.Build.0 = Release|Any CPU
		{27EAAE2C-5470-4970-AF6C-084EE3755FCC}.Release|x86.ActiveCfg = Release|Any CPU
		{27EAAE2C-5470-4970-AF6C-084EE3755FCC}.Release|x86.Build.0 = Release|Any CPU
		{85137D7D-D631-4752-9138-0F58CC41B18D}.Ad-Hoc|Any CPU.ActiveCfg = Release|Any CPU
		{85137D7D-D631-4752-9138-0F58CC41B18D}.Ad-Hoc|Any CPU.Build.0 = Release|Any CPU
		{85137D7D-D631-4752-9138-0F58CC41B18D}.Ad-Hoc|ARM.ActiveCfg = Release|Any CPU
		{85137D7D-D631-4752-9138-0F58CC41B18D}.Ad-Hoc|ARM.Build.0 = Release|Any CPU
		{85137D7D-D631-4752-9138-0F58CC41B18D}.Ad-Hoc|iPhone.ActiveCfg = Release|Any CPU
		{85137D7D-D631-4752-9138-0F58CC41B18D}.Ad-Hoc|iPhone.Build.0 = Release|Any CPU
		{85137D7D-D631-4752-9138-0F58CC41B18D}.Ad-Hoc|iPhoneSimulator.ActiveCfg = Release|Any CPU
		{85137D7D-D631-4752-9138-0F58CC41B18D}.Ad-Hoc|iPhoneSimulator.Build.0 = Release|Any CPU
		{85137D7D-D631-4752-9138-0F58CC41B18D}.Ad-Hoc|x64.ActiveCfg = Release|Any CPU
		{85137D7D-D631-4752-9138-0F58CC41B18D}.Ad-Hoc|x64.Build.0 = Release|Any CPU
		{85137D7D-D631-4752-9138-0F58CC41B18D}.Ad-Hoc|x86.ActiveCfg = Release|Any CPU
		{85137D7D-D631-4752-9138-0F58CC41B18D}.Ad-Hoc|x86.Build.0 = Release|Any CPU
		{85137D7D-D631-4752-9138-0F58CC41B18D}.AppStore|Any CPU.ActiveCfg = Release|Any CPU
		{85137D7D-D631-4752-9138-0F58CC41B18D}.AppStore|Any CPU.Build.0 = Release|Any CPU
		{85137D7D-D631-4752-9138-0F58CC41B18D}.AppStore|ARM.ActiveCfg = Release|Any CPU
		{85137D7D-D631-4752-9138-0F58CC41B18D}.AppStore|ARM.Build.0 = Release|Any CPU
		{85137D7D-D631-4752-9138-0F58CC41B18D}.AppStore|iPhone.ActiveCfg = Release|Any CPU
		{85137D7D-D631-4752-9138-0F58CC41B18D}.AppStore|iPhone.Build.0 = Release|Any CPU
		{85137D7D-D631-4752-9138-0F58CC41B18D}.AppStore|iPhoneSimulator.ActiveCfg = Release|Any CPU
		{85137D7D-D631-4752-9138-0F58CC41B18D}.AppStore|iPhoneSimulator.Build.0 = Release|Any CPU
		{85137D7D-D631-4752-9138-0F58CC41B18D}.AppStore|x64.ActiveCfg = Release|Any CPU
		{85137D7D-D631-4752-9138-0F58CC41B18D}.AppStore|x64.Build.0 = Release|Any CPU
		{85137D7D-D631-4752-9138-0F58CC41B18D}.AppStore|x86.ActiveCfg = Release|Any CPU
		{85137D7D-D631-4752-9138-0F58CC41B18D}.AppStore|x86.Build.0 = Release|Any CPU
		{85137D7D-D631-4752-9138-0F58CC41B18D}.Debug|Any CPU.ActiveCfg = Debug|Any CPU
		{85137D7D-D631-4752-9138-0F58CC41B18D}.Debug|Any CPU.Build.0 = Debug|Any CPU
		{85137D7D-D631-4752-9138-0F58CC41B18D}.Debug|ARM.ActiveCfg = Debug|Any CPU
		{85137D7D-D631-4752-9138-0F58CC41B18D}.Debug|ARM.Build.0 = Debug|Any CPU
		{85137D7D-D631-4752-9138-0F58CC41B18D}.Debug|iPhone.ActiveCfg = Debug|Any CPU
		{85137D7D-D631-4752-9138-0F58CC41B18D}.Debug|iPhone.Build.0 = Debug|Any CPU
		{85137D7D-D631-4752-9138-0F58CC41B18D}.Debug|iPhoneSimulator.ActiveCfg = Debug|Any CPU
		{85137D7D-D631-4752-9138-0F58CC41B18D}.Debug|iPhoneSimulator.Build.0 = Debug|Any CPU
		{85137D7D-D631-4752-9138-0F58CC41B18D}.Debug|x64.ActiveCfg = Debug|Any CPU
		{85137D7D-D631-4752-9138-0F58CC41B18D}.Debug|x64.Build.0 = Debug|Any CPU
		{85137D7D-D631-4752-9138-0F58CC41B18D}.Debug|x86.ActiveCfg = Debug|Any CPU
		{85137D7D-D631-4752-9138-0F58CC41B18D}.Debug|x86.Build.0 = Debug|Any CPU
		{85137D7D-D631-4752-9138-0F58CC41B18D}.Release|Any CPU.ActiveCfg = Release|Any CPU
		{85137D7D-D631-4752-9138-0F58CC41B18D}.Release|Any CPU.Build.0 = Release|Any CPU
		{85137D7D-D631-4752-9138-0F58CC41B18D}.Release|ARM.ActiveCfg = Release|Any CPU
		{85137D7D-D631-4752-9138-0F58CC41B18D}.Release|ARM.Build.0 = Release|Any CPU
		{85137D7D-D631-4752-9138-0F58CC41B18D}.Release|iPhone.ActiveCfg = Release|Any CPU
		{85137D7D-D631-4752-9138-0F58CC41B18D}.Release|iPhone.Build.0 = Release|Any CPU
		{85137D7D-D631-4752-9138-0F58CC41B18D}.Release|iPhoneSimulator.ActiveCfg = Release|Any CPU
		{85137D7D-D631-4752-9138-0F58CC41B18D}.Release|iPhoneSimulator.Build.0 = Release|Any CPU
		{85137D7D-D631-4752-9138-0F58CC41B18D}.Release|x64.ActiveCfg = Release|Any CPU
		{85137D7D-D631-4752-9138-0F58CC41B18D}.Release|x64.Build.0 = Release|Any CPU
		{85137D7D-D631-4752-9138-0F58CC41B18D}.Release|x86.ActiveCfg = Release|Any CPU
		{85137D7D-D631-4752-9138-0F58CC41B18D}.Release|x86.Build.0 = Release|Any CPU
	EndGlobalSection
	GlobalSection(SolutionProperties) = preSolution
		HideSolutionNode = FALSE
	EndGlobalSection
EndGlobal
